
Microsoft Visual Studio Solution File, Format Version 12.00
# Visual Studio Version 16
VisualStudioVersion = 16.0.30104.148
MinimumVisualStudioVersion = 10.0.40219.1
Project("{FAE04EC0-301F-11D3-BF4B-00C04F79EFBC}") = "tversky", "tversky\tversky.csproj", "{6E0CBABF-8387-41F4-8DC9-FB0F02497F08}"
EndProject
Global
	GlobalSection(SolutionConfigurationPlatforms) = preSolution
		Debug|Any CPU = Debug|Any CPU
		Release|Any CPU = Release|Any CPU
	EndGlobalSection
	GlobalSection(ProjectConfigurationPlatforms) = postSolution
		{6E0CBABF-8387-41F4-8DC9-FB0F02497F08}.Debug|Any CPU.ActiveCfg = Debug|Any CPU
		{6E0CBABF-8387-41F4-8DC9-FB0F02497F08}.Debug|Any CPU.Build.0 = Debug|Any CPU
		{6E0CBABF-8387-41F4-8DC9-FB0F02497F08}.Release|Any CPU.ActiveCfg = Release|Any CPU
		{6E0CBABF-8387-41F4-8DC9-FB0F02497F08}.Release|Any CPU.Build.0 = Release|Any CPU
	EndGlobalSection
	GlobalSection(SolutionProperties) = preSolution
		HideSolutionNode = FALSE
	EndGlobalSection
	GlobalSection(ExtensibilityGlobals) = postSolution
		SolutionGuid = {4A7ABEF1-538C-483D-BC4D-0F9BB87F7F88}
	EndGlobalSection
EndGlobal
